
Microsoft Visual Studio Solution File, Format Version 12.00
# Visual Studio 15
VisualStudioVersion = 15.0.28307.645
MinimumVisualStudioVersion = 10.0.40219.1
Project("{2150E333-8FDC-42A3-9474-1A3956D46DE8}") = "Solution Items", "Solution Items", "{0B0208AE-7E3D-4A8C-92BD-9248D053FA3D}"
	ProjectSection(SolutionItems) = preProject
		.gitignore = .gitignore
		Warmane Fixes.js = Warmane Fixes.js
	EndProjectSection
EndProject
Global
	GlobalSection(SolutionProperties) = preSolution
		HideSolutionNode = FALSE
	EndGlobalSection
	GlobalSection(ExtensibilityGlobals) = postSolution
		SolutionGuid = {7AB0707C-ADA4-4716-8A16-CE312C948272}
	EndGlobalSection
EndGlobal
